
Microsoft Visual Studio Solution File, Format Version 12.00
# Visual Studio Version 17
VisualStudioVersion = 17.0.31903.59
MinimumVisualStudioVersion = 10.0.40219.1
Project("{FAE04EC0-301F-11D3-BF4B-00C04F79EFBC}") = "NugetMcpCli", "NugetMcpCli\NugetMcpCli.csproj", "{B7576B44-5D4F-4CC7-88E0-1595E3A5D2C1}"
EndProject
Project("{FAE04EC0-301F-11D3-BF4B-00C04F79EFBC}") = "TestPackage", "TestPackage\TestPackage.csproj", "{0B34D00F-8B28-44D5-A10F-9F8058E09CF7}"
EndProject
Project("{FAE04EC0-301F-11D3-BF4B-00C04F79EFBC}") = "NugetMcpCli.Tests", "NugetMcpCli.Tests\NugetMcpCli.Tests.csproj", "{D9618D20-86CD-4512-80BE-31EA136BA170}"
EndProject
Project("{FAE04EC0-301F-11D3-BF4B-00C04F79EFBC}") = "RevitAddin", "RevitAddin\RevitAddin.csproj", "{D8E0FFCB-080C-497C-A7C3-09CB45E03E4D}"
EndProject
Global
	GlobalSection(SolutionConfigurationPlatforms) = preSolution
		Debug|Any CPU = Debug|Any CPU
		Debug|x64 = Debug|x64
		Debug|x86 = Debug|x86
		Release|Any CPU = Release|Any CPU
		Release|x64 = Release|x64
		Release|x86 = Release|x86
	EndGlobalSection
	GlobalSection(ProjectConfigurationPlatforms) = postSolution
		{B7576B44-5D4F-4CC7-88E0-1595E3A5D2C1}.Debug|Any CPU.ActiveCfg = Debug|Any CPU
		{B7576B44-5D4F-4CC7-88E0-1595E3A5D2C1}.Debug|Any CPU.Build.0 = Debug|Any CPU
		{B7576B44-5D4F-4CC7-88E0-1595E3A5D2C1}.Debug|x64.ActiveCfg = Debug|Any CPU
		{B7576B44-5D4F-4CC7-88E0-1595E3A5D2C1}.Debug|x64.Build.0 = Debug|Any CPU
		{B7576B44-5D4F-4CC7-88E0-1595E3A5D2C1}.Debug|x86.ActiveCfg = Debug|Any CPU
		{B7576B44-5D4F-4CC7-88E0-1595E3A5D2C1}.Debug|x86.Build.0 = Debug|Any CPU
		{B7576B44-5D4F-4CC7-88E0-1595E3A5D2C1}.Release|Any CPU.ActiveCfg = Release|Any CPU
		{B7576B44-5D4F-4CC7-88E0-1595E3A5D2C1}.Release|Any CPU.Build.0 = Release|Any CPU
		{B7576B44-5D4F-4CC7-88E0-1595E3A5D2C1}.Release|x64.ActiveCfg = Release|Any CPU
		{B7576B44-5D4F-4CC7-88E0-1595E3A5D2C1}.Release|x64.Build.0 = Release|Any CPU
		{B7576B44-5D4F-4CC7-88E0-1595E3A5D2C1}.Release|x86.ActiveCfg = Release|Any CPU
		{B7576B44-5D4F-4CC7-88E0-1595E3A5D2C1}.Release|x86.Build.0 = Release|Any CPU
		{0B34D00F-8B28-44D5-A10F-9F8058E09CF7}.Debug|Any CPU.ActiveCfg = Debug|Any CPU
		{0B34D00F-8B28-44D5-A10F-9F8058E09CF7}.Debug|Any CPU.Build.0 = Debug|Any CPU
		{0B34D00F-8B28-44D5-A10F-9F8058E09CF7}.Debug|x64.ActiveCfg = Debug|Any CPU
		{0B34D00F-8B28-44D5-A10F-9F8058E09CF7}.Debug|x64.Build.0 = Debug|Any CPU
		{0B34D00F-8B28-44D5-A10F-9F8058E09CF7}.Debug|x86.ActiveCfg = Debug|Any CPU
		{0B34D00F-8B28-44D5-A10F-9F8058E09CF7}.Debug|x86.Build.0 = Debug|Any CPU
		{0B34D00F-8B28-44D5-A10F-9F8058E09CF7}.Release|Any CPU.ActiveCfg = Release|Any CPU
		{0B34D00F-8B28-44D5-A10F-9F8058E09CF7}.Release|Any CPU.Build.0 = Release|Any CPU
		{0B34D00F-8B28-44D5-A10F-9F8058E09CF7}.Release|x64.ActiveCfg = Release|Any CPU
		{0B34D00F-8B28-44D5-A10F-9F8058E09CF7}.Release|x64.Build.0 = Release|Any CPU
		{0B34D00F-8B28-44D5-A10F-9F8058E09CF7}.Release|x86.ActiveCfg = Release|Any CPU
		{0B34D00F-8B28-44D5-A10F-9F8058E09CF7}.Release|x86.Build.0 = Release|Any CPU
		{D9618D20-86CD-4512-80BE-31EA136BA170}.Debug|Any CPU.ActiveCfg = Debug|Any CPU
		{D9618D20-86CD-4512-80BE-31EA136BA170}.Debug|Any CPU.Build.0 = Debug|Any CPU
		{D9618D20-86CD-4512-80BE-31EA136BA170}.Debug|x64.ActiveCfg = Debug|Any CPU
		{D9618D20-86CD-4512-80BE-31EA136BA170}.Debug|x64.Build.0 = Debug|Any CPU
		{D9618D20-86CD-4512-80BE-31EA136BA170}.Debug|x86.ActiveCfg = Debug|Any CPU
		{D9618D20-86CD-4512-80BE-31EA136BA170}.Debug|x86.Build.0 = Debug|Any CPU
		{D9618D20-86CD-4512-80BE-31EA136BA170}.Release|Any CPU.ActiveCfg = Release|Any CPU
		{D9618D20-86CD-4512-80BE-31EA136BA170}.Release|Any CPU.Build.0 = Release|Any CPU
		{D9618D20-86CD-4512-80BE-31EA136BA170}.Release|x64.ActiveCfg = Release|Any CPU
		{D9618D20-86CD-4512-80BE-31EA136BA170}.Release|x64.Build.0 = Release|Any CPU
		{D9618D20-86CD-4512-80BE-31EA136BA170}.Release|x86.ActiveCfg = Release|Any CPU
		{D9618D20-86CD-4512-80BE-31EA136BA170}.Release|x86.Build.0 = Release|Any CPU
		{D8E0FFCB-080C-497C-A7C3-09CB45E03E4D}.Debug|Any CPU.ActiveCfg = Debug|Any CPU
		{D8E0FFCB-080C-497C-A7C3-09CB45E03E4D}.Debug|Any CPU.Build.0 = Debug|Any CPU
		{D8E0FFCB-080C-497C-A7C3-09CB45E03E4D}.Debug|x64.ActiveCfg = Debug|Any CPU
		{D8E0FFCB-080C-497C-A7C3-09CB45E03E4D}.Debug|x64.Build.0 = Debug|Any CPU
		{D8E0FFCB-080C-497C-A7C3-09CB45E03E4D}.Debug|x86.ActiveCfg = Debug|Any CPU
		{D8E0FFCB-080C-497C-A7C3-09CB45E03E4D}.Debug|x86.Build.0 = Debug|Any CPU
		{D8E0FFCB-080C-497C-A7C3-09CB45E03E4D}.Release|Any CPU.ActiveCfg = Release|Any CPU
		{D8E0FFCB-080C-497C-A7C3-09CB45E03E4D}.Release|Any CPU.Build.0 = Release|Any CPU
		{D8E0FFCB-080C-497C-A7C3-09CB45E03E4D}.Release|x64.ActiveCfg = Release|Any CPU
		{D8E0FFCB-080C-497C-A7C3-09CB45E03E4D}.Release|x64.Build.0 = Release|Any CPU
		{D8E0FFCB-080C-497C-A7C3-09CB45E03E4D}.Release|x86.ActiveCfg = Release|Any CPU
		{D8E0FFCB-080C-497C-A7C3-09CB45E03E4D}.Release|x86.Build.0 = Release|Any CPU
	EndGlobalSection
	GlobalSection(SolutionProperties) = preSolution
		HideSolutionNode = FALSE
	EndGlobalSection
EndGlobal
